{
  "nodes": {
    "flake-compat": {
      "flake": false,
      "locked": {
        "lastModified": 1627913399,
        "narHash": "sha256-hY8g6H2KFL8ownSiFeMOjwPC8P0ueXpCVEbxgda3pko=",
        "owner": "edolstra",
        "repo": "flake-compat",
        "rev": "12c64ca55c1014cdc1b16ed5a804aa8576601ff2",
        "type": "github"
      },
      "original": {
        "owner": "edolstra",
        "repo": "flake-compat",
        "type": "github"
      }
    },
    "flake-compat_2": {
      "flake": false,
      "locked": {
        "lastModified": 1627913399,
        "narHash": "sha256-hY8g6H2KFL8ownSiFeMOjwPC8P0ueXpCVEbxgda3pko=",
        "owner": "edolstra",
        "repo": "flake-compat",
        "rev": "12c64ca55c1014cdc1b16ed5a804aa8576601ff2",
        "type": "github"
      },
      "original": {
        "owner": "edolstra",
        "repo": "flake-compat",
        "type": "github"
      }
    },
    "flake-utils": {
      "locked": {
        "lastModified": 1637014545,
        "narHash": "sha256-26IZAc5yzlD9FlDT54io1oqG/bBoyka+FJk5guaX4x4=",
        "owner": "numtide",
        "repo": "flake-utils",
        "rev": "bba5dcc8e0b20ab664967ad83d24d64cb64ec4f4",
        "type": "github"
      },
      "original": {
        "owner": "numtide",
        "repo": "flake-utils",
        "type": "github"
      }
    },
    "flake-utils_2": {
      "locked": {
        "lastModified": 1629481132,
        "narHash": "sha256-JHgasjPR0/J1J3DRm4KxM4zTyAj4IOJY8vIl75v/kPI=",
        "owner": "numtide",
        "repo": "flake-utils",
        "rev": "997f7efcb746a9c140ce1f13c72263189225f482",
        "type": "github"
      },
      "original": {
        "owner": "numtide",
        "repo": "flake-utils",
        "type": "github"
      }
    },
    "home-manager": {
      "inputs": {
        "nixpkgs": [
          "nixpkgs"
        ]
      },
      "locked": {
        "lastModified": 1639683931,
        "narHash": "sha256-J4VgfRXxPaSlJMTke+suOzeOw5uYSWDEKSghWzJW5Nk=",
        "owner": "nix-community",
        "repo": "home-manager",
        "rev": "25e5a900deab645c088ea52d37a5a44c43a639db",
        "type": "github"
      },
      "original": {
        "owner": "nix-community",
        "repo": "home-manager",
        "type": "github"
      }
    },
    "hotpot-nvim": {
      "flake": false,
      "locked": {
        "lastModified": 1637846292,
        "narHash": "sha256-w/rpE/tZ1sRKAXonbuhgTTtRAsScAw4PtpQ+pmQU9Bc=",
        "owner": "rktjmp",
        "repo": "hotpot.nvim",
        "rev": "7db3e2e2ed6227354f2950b94b895efb0da433fd",
        "type": "github"
      },
      "original": {
        "owner": "rktjmp",
        "repo": "hotpot.nvim",
        "type": "github"
      }
    },
    "iosevka-muse": {
      "inputs": {
        "flake-compat": "flake-compat",
        "flake-utils": "flake-utils",
        "nixpkgs": "nixpkgs"
      },
      "locked": {
        "lastModified": 1638558109,
        "narHash": "sha256-ZH05CcS6mj+qRGi1xwnUSFFon0xC589wHqWqLRoBBjU=",
        "ref": "main",
        "rev": "38018e1e09f7a303caf82e8964b75c8bdc9016a3",
        "revCount": 8,
        "type": "git",
        "url": "https://codeberg.org/municorn/iosevka-muse"
      },
      "original": {
        "ref": "main",
        "type": "git",
        "url": "https://codeberg.org/municorn/iosevka-muse"
      }
    },
    "neovim-flake": {
      "inputs": {
        "flake-utils": "flake-utils_2",
        "nixpkgs": "nixpkgs_2"
      },
      "locked": {
        "dir": "contrib",
        "lastModified": 1639605401,
        "narHash": "sha256-FtoFqT52SDX5S28shnn9xyXBw4i+vnjmUNnl0ghItkk=",
        "owner": "neovim",
        "repo": "neovim",
        "rev": "326e74571be43823ded9fa805a3173bdabda6bec",
        "type": "github"
      },
      "original": {
        "dir": "contrib",
        "owner": "neovim",
        "repo": "neovim",
        "type": "github"
      }
    },
    "neovim-nightly-overlay": {
      "inputs": {
        "flake-compat": "flake-compat_2",
        "neovim-flake": "neovim-flake",
        "nixpkgs": [
          "nixpkgs"
        ]
      },
      "locked": {
        "lastModified": 1639642693,
        "narHash": "sha256-ogdDa5MJAiK6f48BLaZ/qE9mgwwD72BZf/+bf5gdVvQ=",
        "owner": "nix-community",
        "repo": "neovim-nightly-overlay",
        "rev": "7933df62bb350d2f4a258f9e110decc08baaf627",
        "type": "github"
      },
      "original": {
        "owner": "nix-community",
        "repo": "neovim-nightly-overlay",
        "type": "github"
      }
    },
    "nixpkgs": {
      "locked": {
        "lastModified": 1637977519,
        "narHash": "sha256-7bE5so4lWTSh19sj961vsAmVTq1iw7vxJnmAAuBe1qc=",
        "owner": "NixOS",
        "repo": "nixpkgs",
        "rev": "3c27d0b5e6490e43cdf6dcd02bfd69cd3bfd96e5",
        "type": "github"
      },
      "original": {
        "id": "nixpkgs",
        "type": "indirect"
      }
    },
    "nixpkgs_2": {
      "locked": {
        "lastModified": 1639699734,
        "narHash": "sha256-tlX6WebGmiHb2Hmniff+ltYp+7dRfdsBxw9YczLsP60=",
        "owner": "nixos",
        "repo": "nixpkgs",
        "rev": "03ec468b14067729a285c2c7cfa7b9434a04816c",
        "type": "github"
      },
      "original": {
        "owner": "nixos",
        "ref": "nixos-unstable",
        "repo": "nixpkgs",
        "type": "github"
      }
    },
    "nixpkgs_3": {
      "locked": {
        "lastModified": 1639525045,
        "narHash": "sha256-z4GXFNzO+5V4CAUm2DDMAryLOWUKEbQif2ifvv1Ypg4=",
        "owner": "NixOS",
        "repo": "nixpkgs",
        "rev": "a2e281f5770247855b85d70c43454ba5bff34613",
        "type": "github"
      },
      "original": {
        "owner": "NixOS",
        "ref": "nixos-unstable",
        "repo": "nixpkgs",
        "type": "github"
      }
    },
    "root": {
      "inputs": {
        "home-manager": "home-manager",
        "hotpot-nvim": "hotpot-nvim",
        "iosevka-muse": "iosevka-muse",
        "neovim-nightly-overlay": "neovim-nightly-overlay",
        "nixpkgs": "nixpkgs_3"
      }
    }
  },
  "root": "root",
  "version": 7
}
