{
  "nodes": {
    "flake-compat": {
      "flake": false,
      "locked": {
        "lastModified": 1627913399,
        "narHash": "sha256-hY8g6H2KFL8ownSiFeMOjwPC8P0ueXpCVEbxgda3pko=",
        "owner": "edolstra",
        "repo": "flake-compat",
        "rev": "12c64ca55c1014cdc1b16ed5a804aa8576601ff2",
        "type": "github"
      },
      "original": {
        "owner": "edolstra",
        "repo": "flake-compat",
        "type": "github"
      }
    },
    "flake-compat_2": {
      "flake": false,
      "locked": {
        "lastModified": 1627913399,
        "narHash": "sha256-hY8g6H2KFL8ownSiFeMOjwPC8P0ueXpCVEbxgda3pko=",
        "owner": "edolstra",
        "repo": "flake-compat",
        "rev": "12c64ca55c1014cdc1b16ed5a804aa8576601ff2",
        "type": "github"
      },
      "original": {
        "owner": "edolstra",
        "repo": "flake-compat",
        "type": "github"
      }
    },
    "flake-utils": {
      "locked": {
        "lastModified": 1637014545,
        "narHash": "sha256-26IZAc5yzlD9FlDT54io1oqG/bBoyka+FJk5guaX4x4=",
        "owner": "numtide",
        "repo": "flake-utils",
        "rev": "bba5dcc8e0b20ab664967ad83d24d64cb64ec4f4",
        "type": "github"
      },
      "original": {
        "owner": "numtide",
        "repo": "flake-utils",
        "type": "github"
      }
    },
    "flake-utils_2": {
      "locked": {
        "lastModified": 1629481132,
        "narHash": "sha256-JHgasjPR0/J1J3DRm4KxM4zTyAj4IOJY8vIl75v/kPI=",
        "owner": "numtide",
        "repo": "flake-utils",
        "rev": "997f7efcb746a9c140ce1f13c72263189225f482",
        "type": "github"
      },
      "original": {
        "owner": "numtide",
        "repo": "flake-utils",
        "type": "github"
      }
    },
    "home-manager": {
      "inputs": {
        "nixpkgs": [
          "nixpkgs"
        ]
      },
      "locked": {
        "lastModified": 1639430993,
        "narHash": "sha256-hOTsN76jnikHi1358CSBubcpxreAAfmLHdUnkBYn52c=",
        "owner": "nix-community",
        "repo": "home-manager",
        "rev": "ea5591d225c379d7b0ad594ab901bec498aefe91",
        "type": "github"
      },
      "original": {
        "owner": "nix-community",
        "repo": "home-manager",
        "type": "github"
      }
    },
    "hotpot-nvim": {
      "flake": false,
      "locked": {
        "lastModified": 1637846292,
        "narHash": "sha256-w/rpE/tZ1sRKAXonbuhgTTtRAsScAw4PtpQ+pmQU9Bc=",
        "owner": "rktjmp",
        "repo": "hotpot.nvim",
        "rev": "7db3e2e2ed6227354f2950b94b895efb0da433fd",
        "type": "github"
      },
      "original": {
        "owner": "rktjmp",
        "repo": "hotpot.nvim",
        "type": "github"
      }
    },
    "iosevka-muse": {
      "inputs": {
        "flake-compat": "flake-compat",
        "flake-utils": "flake-utils",
        "nixpkgs": "nixpkgs"
      },
      "locked": {
        "lastModified": 1638558109,
        "narHash": "sha256-ZH05CcS6mj+qRGi1xwnUSFFon0xC589wHqWqLRoBBjU=",
        "ref": "main",
        "rev": "38018e1e09f7a303caf82e8964b75c8bdc9016a3",
        "revCount": 8,
        "type": "git",
        "url": "https://codeberg.org/municorn/iosevka-muse"
      },
      "original": {
        "ref": "main",
        "type": "git",
        "url": "https://codeberg.org/municorn/iosevka-muse"
      }
    },
    "neovim-flake": {
      "inputs": {
        "flake-utils": "flake-utils_2",
        "nixpkgs": "nixpkgs_2"
      },
      "locked": {
        "dir": "contrib",
        "lastModified": 1639307139,
        "narHash": "sha256-NqODk+iSvC5+d7YiF8wBmG4kJLxnOw3ACg1QQsBnZLs=",
        "owner": "neovim",
        "repo": "neovim",
        "rev": "1f3c0593eb1d4e54ce1edf35da67d184807a9280",
        "type": "github"
      },
      "original": {
        "dir": "contrib",
        "owner": "neovim",
        "repo": "neovim",
        "type": "github"
      }
    },
    "neovim-nightly-overlay": {
      "inputs": {
        "flake-compat": "flake-compat_2",
        "neovim-flake": "neovim-flake",
        "nixpkgs": [
          "nixpkgs"
        ]
      },
      "locked": {
        "lastModified": 1639383249,
        "narHash": "sha256-fbJwXCA+IfqhPhlvtJoXFsOUjfLi3X7cJQgACxmIiz0=",
        "owner": "nix-community",
        "repo": "neovim-nightly-overlay",
        "rev": "cfe0badfe14533bff914a55a1871f4a962609664",
        "type": "github"
      },
      "original": {
        "owner": "nix-community",
        "repo": "neovim-nightly-overlay",
        "type": "github"
      }
    },
    "nixpkgs": {
      "locked": {
        "lastModified": 1637977519,
        "narHash": "sha256-7bE5so4lWTSh19sj961vsAmVTq1iw7vxJnmAAuBe1qc=",
        "owner": "NixOS",
        "repo": "nixpkgs",
        "rev": "3c27d0b5e6490e43cdf6dcd02bfd69cd3bfd96e5",
        "type": "github"
      },
      "original": {
        "id": "nixpkgs",
        "type": "indirect"
      }
    },
    "nixpkgs_2": {
      "locked": {
        "lastModified": 1639347265,
        "narHash": "sha256-q5feWoC64+h6T6J89o2HJJ8DOnB/4vwMODBlZIgeIlA=",
        "owner": "nixos",
        "repo": "nixpkgs",
        "rev": "b0bf5f888d377dd2f36d90340df6dc9f035aaada",
        "type": "github"
      },
      "original": {
        "owner": "nixos",
        "ref": "nixos-unstable",
        "repo": "nixpkgs",
        "type": "github"
      }
    },
    "nixpkgs_3": {
      "locked": {
        "lastModified": 1639347265,
        "narHash": "sha256-q5feWoC64+h6T6J89o2HJJ8DOnB/4vwMODBlZIgeIlA=",
        "owner": "NixOS",
        "repo": "nixpkgs",
        "rev": "b0bf5f888d377dd2f36d90340df6dc9f035aaada",
        "type": "github"
      },
      "original": {
        "owner": "NixOS",
        "ref": "nixos-unstable",
        "repo": "nixpkgs",
        "type": "github"
      }
    },
    "root": {
      "inputs": {
        "home-manager": "home-manager",
        "hotpot-nvim": "hotpot-nvim",
        "iosevka-muse": "iosevka-muse",
        "neovim-nightly-overlay": "neovim-nightly-overlay",
        "nixpkgs": "nixpkgs_3"
      }
    }
  },
  "root": "root",
  "version": 7
}
