{
  "nodes": {
    "nixpkgs": {
      "locked": {
        "lastModified": 1627654036,
        "narHash": "sha256-gwD4A/akcrpwVgOYtC2BewjYx7Q51euwaHIkjaWEuLA=",
        "owner": "NixOS",
        "repo": "nixpkgs",
        "rev": "44b0d80303d55c38210785a474e92a7e01e133c3",
        "type": "github"
      },
      "original": {
        "id": "nixpkgs",
        "type": "indirect"
      }
    },
    "root": {
      "inputs": {
        "nixpkgs": "nixpkgs"
      }
    }
  },
  "root": "root",
  "version": 7
}
