{
  "nodes": {
    "nixpkgs": {
      "locked": {
        "lastModified": 1628712529,
        "narHash": "sha256-rmJNlBI/64xsd8FVRW0iZEkrlrymqBZWW7CxyGzvYR4=",
        "owner": "NixOS",
        "repo": "nixpkgs",
        "rev": "d9fd066b882ab6826609ccec86404cd0eac12411",
        "type": "github"
      },
      "original": {
        "id": "nixpkgs",
        "type": "indirect"
      }
    },
    "root": {
      "inputs": {
        "nixpkgs": "nixpkgs"
      }
    }
  },
  "root": "root",
  "version": 7
}
